
Microsoft Visual Studio Solution File, Format Version 12.00
# Visual Studio Version 16
VisualStudioVersion = 16.0.31702.278
MinimumVisualStudioVersion = 10.0.40219.1
Project("{9A19103F-16F7-4668-BE54-9A1E7A4F7556}") = "APIConsoleTestingApp", "APIConsoleTestingApp\APIConsoleTestingApp.csproj", "{44BF1F03-5BE5-4DD2-BEF7-CCBEAA0CC601}"
EndProject
Project("{9A19103F-16F7-4668-BE54-9A1E7A4F7556}") = "APILibrary", "APILibrary\APILibrary.csproj", "{33EE38B5-D9BD-494E-AFE6-50F9B6154EFF}"
EndProject
Project("{9A19103F-16F7-4668-BE54-9A1E7A4F7556}") = "APILibraryTest", "APILibraryTest\APILibraryTest.csproj", "{A7833576-EB52-42C5-8C0E-6C01EEE77395}"
EndProject
Project("{9A19103F-16F7-4668-BE54-9A1E7A4F7556}") = "ChessUI.Library", "ChessUI.Library\ChessUI.Library.csproj", "{F10C7C93-E9BE-41AA-BE92-69C1E4511818}"
EndProject
Project("{9A19103F-16F7-4668-BE54-9A1E7A4F7556}") = "ChessUI.Desktop", "ChessUI.Desktop\ChessUI.Desktop.csproj", "{6E749C50-1237-4D28-9448-D4F60B3D3612}"
EndProject
Project("{9A19103F-16F7-4668-BE54-9A1E7A4F7556}") = "ChessUI.LibraryTests", "ChessUI.LibraryTests\ChessUI.LibraryTests.csproj", "{90823624-D081-47BD-A44C-27AE36D55EED}"
EndProject
Global
	GlobalSection(SolutionConfigurationPlatforms) = preSolution
		Debug|Any CPU = Debug|Any CPU
		Release|Any CPU = Release|Any CPU
	EndGlobalSection
	GlobalSection(ProjectConfigurationPlatforms) = postSolution
		{44BF1F03-5BE5-4DD2-BEF7-CCBEAA0CC601}.Debug|Any CPU.ActiveCfg = Debug|Any CPU
		{44BF1F03-5BE5-4DD2-BEF7-CCBEAA0CC601}.Debug|Any CPU.Build.0 = Debug|Any CPU
		{44BF1F03-5BE5-4DD2-BEF7-CCBEAA0CC601}.Release|Any CPU.ActiveCfg = Release|Any CPU
		{44BF1F03-5BE5-4DD2-BEF7-CCBEAA0CC601}.Release|Any CPU.Build.0 = Release|Any CPU
		{33EE38B5-D9BD-494E-AFE6-50F9B6154EFF}.Debug|Any CPU.ActiveCfg = Debug|Any CPU
		{33EE38B5-D9BD-494E-AFE6-50F9B6154EFF}.Debug|Any CPU.Build.0 = Debug|Any CPU
		{33EE38B5-D9BD-494E-AFE6-50F9B6154EFF}.Release|Any CPU.ActiveCfg = Release|Any CPU
		{33EE38B5-D9BD-494E-AFE6-50F9B6154EFF}.Release|Any CPU.Build.0 = Release|Any CPU
		{A7833576-EB52-42C5-8C0E-6C01EEE77395}.Debug|Any CPU.ActiveCfg = Debug|Any CPU
		{A7833576-EB52-42C5-8C0E-6C01EEE77395}.Debug|Any CPU.Build.0 = Debug|Any CPU
		{A7833576-EB52-42C5-8C0E-6C01EEE77395}.Release|Any CPU.ActiveCfg = Release|Any CPU
		{A7833576-EB52-42C5-8C0E-6C01EEE77395}.Release|Any CPU.Build.0 = Release|Any CPU
		{F10C7C93-E9BE-41AA-BE92-69C1E4511818}.Debug|Any CPU.ActiveCfg = Debug|Any CPU
		{F10C7C93-E9BE-41AA-BE92-69C1E4511818}.Debug|Any CPU.Build.0 = Debug|Any CPU
		{F10C7C93-E9BE-41AA-BE92-69C1E4511818}.Release|Any CPU.ActiveCfg = Release|Any CPU
		{F10C7C93-E9BE-41AA-BE92-69C1E4511818}.Release|Any CPU.Build.0 = Release|Any CPU
		{6E749C50-1237-4D28-9448-D4F60B3D3612}.Debug|Any CPU.ActiveCfg = Debug|Any CPU
		{6E749C50-1237-4D28-9448-D4F60B3D3612}.Debug|Any CPU.Build.0 = Debug|Any CPU
		{6E749C50-1237-4D28-9448-D4F60B3D3612}.Release|Any CPU.ActiveCfg = Release|Any CPU
		{6E749C50-1237-4D28-9448-D4F60B3D3612}.Release|Any CPU.Build.0 = Release|Any CPU
		{90823624-D081-47BD-A44C-27AE36D55EED}.Debug|Any CPU.ActiveCfg = Debug|Any CPU
		{90823624-D081-47BD-A44C-27AE36D55EED}.Debug|Any CPU.Build.0 = Debug|Any CPU
		{90823624-D081-47BD-A44C-27AE36D55EED}.Release|Any CPU.ActiveCfg = Release|Any CPU
		{90823624-D081-47BD-A44C-27AE36D55EED}.Release|Any CPU.Build.0 = Release|Any CPU
	EndGlobalSection
	GlobalSection(SolutionProperties) = preSolution
		HideSolutionNode = FALSE
	EndGlobalSection
	GlobalSection(ExtensibilityGlobals) = postSolution
		SolutionGuid = {EB51C181-BFB9-4D0F-8B7A-717B03A9D2A0}
	EndGlobalSection
EndGlobal
